
Microsoft Visual Studio Solution File, Format Version 12.00
# Visual Studio 2013
VisualStudioVersion = 12.0.21005.1
MinimumVisualStudioVersion = 10.0.40219.1
Project("{FAE04EC0-301F-11D3-BF4B-00C04F79EFBC}") = "Composition", "Composition\Composition.csproj", "{ED59D2B6-C55D-4CA0-8A85-F6E989475A40}"
	ProjectSection(ProjectDependencies) = postProject
		{E7D82B2D-0E1E-4D31-8A5F-8F4E7A1C9D23} = {E7D82B2D-0E1E-4D31-8A5F-8F4E7A1C9D23}
	EndProjectSection
EndProject
Project("{FAE04EC0-301F-11D3-BF4B-00C04F79EFBC}") = "CompositionHelp", "CompositionHelp\CompositionHelp.csproj", "{E7D82B2D-0E1E-4D31-8A5F-8F4E7A1C9D23}"
EndProject
Project("{FAE04EC0-301F-11D3-BF4B-00C04F79EFBC}") = "CompositionTests", "CompositionTests\CompositionTests.csproj", "{FB2A319C-566A-420C-9253-620774C02BF8}"
EndProject
Project("{2150E333-8FDC-42A3-9474-1A3956D46DE8}") = "EMGU", "EMGU", "{AA2690EC-2588-41A5-BE6E-3D55668FB912}"
EndProject
Project("{2150E333-8FDC-42A3-9474-1A3956D46DE8}") = "bin", "bin", "{5DA238AD-3D04-48B5-953C-CDE85497EF81}"
	ProjectSection(SolutionItems) = preProject
		EMGU\bin\Antlr3.Runtime.dll = EMGU\bin\Antlr3.Runtime.dll
		EMGU\bin\Emgu.CV.DebuggerVisualizers.VS2008.dll = EMGU\bin\Emgu.CV.DebuggerVisualizers.VS2008.dll
		EMGU\bin\Emgu.CV.DebuggerVisualizers.VS2010.dll = EMGU\bin\Emgu.CV.DebuggerVisualizers.VS2010.dll
		EMGU\bin\Emgu.CV.DebuggerVisualizers.VS2012.dll = EMGU\bin\Emgu.CV.DebuggerVisualizers.VS2012.dll
		EMGU\bin\Emgu.CV.DebuggerVisualizers.VS2013.dll = EMGU\bin\Emgu.CV.DebuggerVisualizers.VS2013.dll
		EMGU\bin\Emgu.CV.dll = EMGU\bin\Emgu.CV.dll
		EMGU\bin\Emgu.CV.License.txt = EMGU\bin\Emgu.CV.License.txt
		EMGU\bin\Emgu.CV.OCR.dll = EMGU\bin\Emgu.CV.OCR.dll
		EMGU\bin\Emgu.CV.OCR.pdb = EMGU\bin\Emgu.CV.OCR.pdb
		EMGU\bin\Emgu.CV.OCR.XML = EMGU\bin\Emgu.CV.OCR.XML
		EMGU\bin\Emgu.CV.pdb = EMGU\bin\Emgu.CV.pdb
		EMGU\bin\Emgu.CV.WPF.exe = EMGU\bin\Emgu.CV.WPF.exe
		EMGU\bin\Emgu.CV.WPF.exe.config = EMGU\bin\Emgu.CV.WPF.exe.config
		EMGU\bin\Emgu.CV.WPF.pdb = EMGU\bin\Emgu.CV.WPF.pdb
		EMGU\bin\Emgu.CV.WPF.vshost.exe = EMGU\bin\Emgu.CV.WPF.vshost.exe
		EMGU\bin\Emgu.CV.WPF.vshost.exe.config = EMGU\bin\Emgu.CV.WPF.vshost.exe.config
		EMGU\bin\Emgu.CV.WPF.vshost.exe.manifest = EMGU\bin\Emgu.CV.WPF.vshost.exe.manifest
		EMGU\bin\Emgu.CV.XML = EMGU\bin\Emgu.CV.XML
		EMGU\bin\Emgu.Util.dll = EMGU\bin\Emgu.Util.dll
		EMGU\bin\Emgu.Util.pdb = EMGU\bin\Emgu.Util.pdb
		EMGU\bin\Emgu.Util.XML = EMGU\bin\Emgu.Util.XML
		EMGU\bin\Iesi.Collections.dll = EMGU\bin\Iesi.Collections.dll
		EMGU\bin\log4net.dll = EMGU\bin\log4net.dll
		EMGU\bin\NHibernate.ByteCode.LinFu.dll = EMGU\bin\NHibernate.ByteCode.LinFu.dll
		EMGU\bin\NHibernate.dll = EMGU\bin\NHibernate.dll
		EMGU\bin\SqliteDB.xml = EMGU\bin\SqliteDB.xml
		EMGU\bin\System.Data.SQLite.DLL = EMGU\bin\System.Data.SQLite.DLL
	EndProjectSection
EndProject
Project("{2150E333-8FDC-42A3-9474-1A3956D46DE8}") = "tessdata", "tessdata", "{96F48F00-B90C-40E5-9D1D-C66926E50309}"
	ProjectSection(SolutionItems) = preProject
		EMGU\bin\tessdata\eng.cube.bigrams = EMGU\bin\tessdata\eng.cube.bigrams
		EMGU\bin\tessdata\eng.cube.fold = EMGU\bin\tessdata\eng.cube.fold
		EMGU\bin\tessdata\eng.cube.lm = EMGU\bin\tessdata\eng.cube.lm
		EMGU\bin\tessdata\eng.cube.nn = EMGU\bin\tessdata\eng.cube.nn
		EMGU\bin\tessdata\eng.cube.params = EMGU\bin\tessdata\eng.cube.params
		EMGU\bin\tessdata\eng.cube.size = EMGU\bin\tessdata\eng.cube.size
		EMGU\bin\tessdata\eng.cube.word-freq = EMGU\bin\tessdata\eng.cube.word-freq
		EMGU\bin\tessdata\eng.tesseract_cube.nn = EMGU\bin\tessdata\eng.tesseract_cube.nn
		EMGU\bin\tessdata\eng.traineddata = EMGU\bin\tessdata\eng.traineddata
		EMGU\bin\tessdata\OCR initialise data.jpg = EMGU\bin\tessdata\OCR initialise data.jpg
	EndProjectSection
EndProject
Project("{2150E333-8FDC-42A3-9474-1A3956D46DE8}") = "x64", "x64", "{B4B0A84C-F20C-4C86-B5E2-C94C534ACA5B}"
	ProjectSection(SolutionItems) = preProject
		EMGU\bin\x64\cudart64_65.dll = EMGU\bin\x64\cudart64_65.dll
		EMGU\bin\x64\cufft64_65.dll = EMGU\bin\x64\cufft64_65.dll
		EMGU\bin\x64\cvextern.dll = EMGU\bin\x64\cvextern.dll
		EMGU\bin\x64\cvextern_test.exe = EMGU\bin\x64\cvextern_test.exe
		EMGU\bin\x64\nppc64_65.dll = EMGU\bin\x64\nppc64_65.dll
		EMGU\bin\x64\nppi64_65.dll = EMGU\bin\x64\nppi64_65.dll
		EMGU\bin\x64\npps64_65.dll = EMGU\bin\x64\npps64_65.dll
		EMGU\bin\x64\OpenCL.dll = EMGU\bin\x64\OpenCL.dll
		EMGU\bin\x64\opencv_calib3d2410.dll = EMGU\bin\x64\opencv_calib3d2410.dll
		EMGU\bin\x64\opencv_contrib2410.dll = EMGU\bin\x64\opencv_contrib2410.dll
		EMGU\bin\x64\opencv_core2410.dll = EMGU\bin\x64\opencv_core2410.dll
		EMGU\bin\x64\opencv_features2d2410.dll = EMGU\bin\x64\opencv_features2d2410.dll
		EMGU\bin\x64\opencv_flann2410.dll = EMGU\bin\x64\opencv_flann2410.dll
		EMGU\bin\x64\opencv_gpu2410.dll = EMGU\bin\x64\opencv_gpu2410.dll
		EMGU\bin\x64\opencv_highgui2410.dll = EMGU\bin\x64\opencv_highgui2410.dll
		EMGU\bin\x64\opencv_imgproc2410.dll = EMGU\bin\x64\opencv_imgproc2410.dll
		EMGU\bin\x64\opencv_legacy2410.dll = EMGU\bin\x64\opencv_legacy2410.dll
		EMGU\bin\x64\opencv_ml2410.dll = EMGU\bin\x64\opencv_ml2410.dll
		EMGU\bin\x64\opencv_nonfree2410.dll = EMGU\bin\x64\opencv_nonfree2410.dll
		EMGU\bin\x64\opencv_objdetect2410.dll = EMGU\bin\x64\opencv_objdetect2410.dll
		EMGU\bin\x64\opencv_photo2410.dll = EMGU\bin\x64\opencv_photo2410.dll
		EMGU\bin\x64\opencv_stitching2410.dll = EMGU\bin\x64\opencv_stitching2410.dll
		EMGU\bin\x64\opencv_superres2410.dll = EMGU\bin\x64\opencv_superres2410.dll
		EMGU\bin\x64\opencv_video2410.dll = EMGU\bin\x64\opencv_video2410.dll
		EMGU\bin\x64\opencv_videostab2410.dll = EMGU\bin\x64\opencv_videostab2410.dll
	EndProjectSection
EndProject
Project("{2150E333-8FDC-42A3-9474-1A3956D46DE8}") = "x86", "x86", "{4A0728DE-1306-4F33-B65D-0992A6F94826}"
	ProjectSection(SolutionItems) = preProject
		EMGU\bin\x86\cudart32_65.dll = EMGU\bin\x86\cudart32_65.dll
		EMGU\bin\x86\cufft32_65.dll = EMGU\bin\x86\cufft32_65.dll
		EMGU\bin\x86\cvextern.dll = EMGU\bin\x86\cvextern.dll
		EMGU\bin\x86\nppc32_65.dll = EMGU\bin\x86\nppc32_65.dll
		EMGU\bin\x86\nppi32_65.dll = EMGU\bin\x86\nppi32_65.dll
		EMGU\bin\x86\npps32_65.dll = EMGU\bin\x86\npps32_65.dll
		EMGU\bin\x86\OpenCL.dll = EMGU\bin\x86\OpenCL.dll
		EMGU\bin\x86\opencv_calib3d2410.dll = EMGU\bin\x86\opencv_calib3d2410.dll
		EMGU\bin\x86\opencv_contrib2410.dll = EMGU\bin\x86\opencv_contrib2410.dll
		EMGU\bin\x86\opencv_core2410.dll = EMGU\bin\x86\opencv_core2410.dll
		EMGU\bin\x86\opencv_features2d2410.dll = EMGU\bin\x86\opencv_features2d2410.dll
		EMGU\bin\x86\opencv_flann2410.dll = EMGU\bin\x86\opencv_flann2410.dll
		EMGU\bin\x86\opencv_gpu2410.dll = EMGU\bin\x86\opencv_gpu2410.dll
		EMGU\bin\x86\opencv_highgui2410.dll = EMGU\bin\x86\opencv_highgui2410.dll
		EMGU\bin\x86\opencv_imgproc2410.dll = EMGU\bin\x86\opencv_imgproc2410.dll
		EMGU\bin\x86\opencv_legacy2410.dll = EMGU\bin\x86\opencv_legacy2410.dll
		EMGU\bin\x86\opencv_ml2410.dll = EMGU\bin\x86\opencv_ml2410.dll
		EMGU\bin\x86\opencv_nonfree2410.dll = EMGU\bin\x86\opencv_nonfree2410.dll
		EMGU\bin\x86\opencv_objdetect2410.dll = EMGU\bin\x86\opencv_objdetect2410.dll
		EMGU\bin\x86\opencv_photo2410.dll = EMGU\bin\x86\opencv_photo2410.dll
		EMGU\bin\x86\opencv_stitching2410.dll = EMGU\bin\x86\opencv_stitching2410.dll
		EMGU\bin\x86\opencv_superres2410.dll = EMGU\bin\x86\opencv_superres2410.dll
		EMGU\bin\x86\opencv_video2410.dll = EMGU\bin\x86\opencv_video2410.dll
		EMGU\bin\x86\opencv_videostab2410.dll = EMGU\bin\x86\opencv_videostab2410.dll
	EndProjectSection
EndProject
Project("{2150E333-8FDC-42A3-9474-1A3956D46DE8}") = "zn-CN", "zn-CN", "{25747D8F-F220-4665-A001-56E67ABB978F}"
	ProjectSection(SolutionItems) = preProject
		EMGU\bin\zh-CN\Emgu.CV.UI.resources.dll = EMGU\bin\zh-CN\Emgu.CV.UI.resources.dll
		EMGU\bin\zh-CN\ZedGraph.resources.dll = EMGU\bin\zh-CN\ZedGraph.resources.dll
	EndProjectSection
EndProject
Global
	GlobalSection(SolutionConfigurationPlatforms) = preSolution
		Debug|Any CPU = Debug|Any CPU
		Release|Any CPU = Release|Any CPU
	EndGlobalSection
	GlobalSection(ProjectConfigurationPlatforms) = postSolution
		{ED59D2B6-C55D-4CA0-8A85-F6E989475A40}.Debug|Any CPU.ActiveCfg = Debug|Any CPU
		{ED59D2B6-C55D-4CA0-8A85-F6E989475A40}.Debug|Any CPU.Build.0 = Debug|Any CPU
		{ED59D2B6-C55D-4CA0-8A85-F6E989475A40}.Release|Any CPU.ActiveCfg = Release|Any CPU
		{ED59D2B6-C55D-4CA0-8A85-F6E989475A40}.Release|Any CPU.Build.0 = Release|Any CPU
		{E7D82B2D-0E1E-4D31-8A5F-8F4E7A1C9D23}.Debug|Any CPU.ActiveCfg = Debug|Any CPU
		{E7D82B2D-0E1E-4D31-8A5F-8F4E7A1C9D23}.Debug|Any CPU.Build.0 = Debug|Any CPU
		{E7D82B2D-0E1E-4D31-8A5F-8F4E7A1C9D23}.Release|Any CPU.ActiveCfg = Release|Any CPU
		{E7D82B2D-0E1E-4D31-8A5F-8F4E7A1C9D23}.Release|Any CPU.Build.0 = Release|Any CPU
		{FB2A319C-566A-420C-9253-620774C02BF8}.Debug|Any CPU.ActiveCfg = Debug|Any CPU
		{FB2A319C-566A-420C-9253-620774C02BF8}.Debug|Any CPU.Build.0 = Debug|Any CPU
		{FB2A319C-566A-420C-9253-620774C02BF8}.Release|Any CPU.ActiveCfg = Release|Any CPU
		{FB2A319C-566A-420C-9253-620774C02BF8}.Release|Any CPU.Build.0 = Release|Any CPU
	EndGlobalSection
	GlobalSection(SolutionProperties) = preSolution
		HideSolutionNode = FALSE
	EndGlobalSection
	GlobalSection(NestedProjects) = preSolution
		{5DA238AD-3D04-48B5-953C-CDE85497EF81} = {AA2690EC-2588-41A5-BE6E-3D55668FB912}
		{96F48F00-B90C-40E5-9D1D-C66926E50309} = {5DA238AD-3D04-48B5-953C-CDE85497EF81}
		{B4B0A84C-F20C-4C86-B5E2-C94C534ACA5B} = {5DA238AD-3D04-48B5-953C-CDE85497EF81}
		{4A0728DE-1306-4F33-B65D-0992A6F94826} = {5DA238AD-3D04-48B5-953C-CDE85497EF81}
		{25747D8F-F220-4665-A001-56E67ABB978F} = {5DA238AD-3D04-48B5-953C-CDE85497EF81}
	EndGlobalSection
EndGlobal
